
Microsoft Visual Studio Solution File, Format Version 12.00
Project("{FAE04EC0-301F-11D3-BF4B-00C04F79EFBC}") = "Servermore.Server", "Servermore.Server\Servermore.Server.csproj", "{FACD6041-AE02-4180-A04C-518250D6E7A9}"
EndProject
Project("{FAE04EC0-301F-11D3-BF4B-00C04F79EFBC}") = "Servermore.Sdk", "Servermore.Sdk\Servermore.Sdk.csproj", "{85FE680E-E2E8-430F-A745-6CCBE403A3E6}"
EndProject
Project("{FAE04EC0-301F-11D3-BF4B-00C04F79EFBC}") = "Servermore.Contracts", "Servermore.Contracts\Servermore.Contracts.csproj", "{C14F32DF-661E-4714-BAF9-459DE2C95B5E}"
EndProject
Project("{2150E333-8FDC-42A3-9474-1A3956D46DE8}") = "samples", "samples", "{383E18BF-82AA-49F8-906B-12CC68E95395}"
EndProject
Project("{FAE04EC0-301F-11D3-BF4B-00C04F79EFBC}") = "Servermore.ApiSample", "samples\Servermore.ApiSample\Servermore.ApiSample.csproj", "{A1C3768D-1F6B-4B69-BE8A-D474F942A602}"
EndProject
Project("{FAE04EC0-301F-11D3-BF4B-00C04F79EFBC}") = "Servermore.Cli", "Servermore.Cli\Servermore.Cli.csproj", "{0A7B4A0C-78ED-4E58-8D0B-5AE8B30C9BC5}"
EndProject
Global
	GlobalSection(SolutionConfigurationPlatforms) = preSolution
		Debug|Any CPU = Debug|Any CPU
		Release|Any CPU = Release|Any CPU
	EndGlobalSection
	GlobalSection(ProjectConfigurationPlatforms) = postSolution
		{FACD6041-AE02-4180-A04C-518250D6E7A9}.Debug|Any CPU.ActiveCfg = Debug|Any CPU
		{FACD6041-AE02-4180-A04C-518250D6E7A9}.Debug|Any CPU.Build.0 = Debug|Any CPU
		{FACD6041-AE02-4180-A04C-518250D6E7A9}.Release|Any CPU.ActiveCfg = Release|Any CPU
		{FACD6041-AE02-4180-A04C-518250D6E7A9}.Release|Any CPU.Build.0 = Release|Any CPU
		{85FE680E-E2E8-430F-A745-6CCBE403A3E6}.Debug|Any CPU.ActiveCfg = Debug|Any CPU
		{85FE680E-E2E8-430F-A745-6CCBE403A3E6}.Debug|Any CPU.Build.0 = Debug|Any CPU
		{85FE680E-E2E8-430F-A745-6CCBE403A3E6}.Release|Any CPU.ActiveCfg = Release|Any CPU
		{85FE680E-E2E8-430F-A745-6CCBE403A3E6}.Release|Any CPU.Build.0 = Release|Any CPU
		{C14F32DF-661E-4714-BAF9-459DE2C95B5E}.Debug|Any CPU.ActiveCfg = Debug|Any CPU
		{C14F32DF-661E-4714-BAF9-459DE2C95B5E}.Debug|Any CPU.Build.0 = Debug|Any CPU
		{C14F32DF-661E-4714-BAF9-459DE2C95B5E}.Release|Any CPU.ActiveCfg = Release|Any CPU
		{C14F32DF-661E-4714-BAF9-459DE2C95B5E}.Release|Any CPU.Build.0 = Release|Any CPU
		{A1C3768D-1F6B-4B69-BE8A-D474F942A602}.Debug|Any CPU.ActiveCfg = Debug|Any CPU
		{A1C3768D-1F6B-4B69-BE8A-D474F942A602}.Debug|Any CPU.Build.0 = Debug|Any CPU
		{A1C3768D-1F6B-4B69-BE8A-D474F942A602}.Release|Any CPU.ActiveCfg = Release|Any CPU
		{A1C3768D-1F6B-4B69-BE8A-D474F942A602}.Release|Any CPU.Build.0 = Release|Any CPU
		{0A7B4A0C-78ED-4E58-8D0B-5AE8B30C9BC5}.Debug|Any CPU.ActiveCfg = Debug|Any CPU
		{0A7B4A0C-78ED-4E58-8D0B-5AE8B30C9BC5}.Debug|Any CPU.Build.0 = Debug|Any CPU
		{0A7B4A0C-78ED-4E58-8D0B-5AE8B30C9BC5}.Release|Any CPU.ActiveCfg = Release|Any CPU
		{0A7B4A0C-78ED-4E58-8D0B-5AE8B30C9BC5}.Release|Any CPU.Build.0 = Release|Any CPU
	EndGlobalSection
	GlobalSection(NestedProjects) = preSolution
		{A1C3768D-1F6B-4B69-BE8A-D474F942A602} = {383E18BF-82AA-49F8-906B-12CC68E95395}
	EndGlobalSection
EndGlobal
